
Microsoft Visual Studio Solution File, Format Version 12.00
# Visual Studio Version 17
VisualStudioVersion = 17.9.34607.119
MinimumVisualStudioVersion = 10.0.40219.1
Project("{FAE04EC0-301F-11D3-BF4B-00C04F79EFBC}") = "Hospital", "Hospital\Hospital.csproj", "{ED4E2E97-557E-424F-86B7-1B254B63F47C}"
EndProject
Global
	GlobalSection(SolutionConfigurationPlatforms) = preSolution
		Debug|Any CPU = Debug|Any CPU
		Release|Any CPU = Release|Any CPU
	EndGlobalSection
	GlobalSection(ProjectConfigurationPlatforms) = postSolution
		{ED4E2E97-557E-424F-86B7-1B254B63F47C}.Debug|Any CPU.ActiveCfg = Debug|Any CPU
		{ED4E2E97-557E-424F-86B7-1B254B63F47C}.Debug|Any CPU.Build.0 = Debug|Any CPU
		{ED4E2E97-557E-424F-86B7-1B254B63F47C}.Release|Any CPU.ActiveCfg = Release|Any CPU
		{ED4E2E97-557E-424F-86B7-1B254B63F47C}.Release|Any CPU.Build.0 = Release|Any CPU
	EndGlobalSection
	GlobalSection(SolutionProperties) = preSolution
		HideSolutionNode = FALSE
	EndGlobalSection
	GlobalSection(ExtensibilityGlobals) = postSolution
		SolutionGuid = {D54FF9FC-F459-4CAC-BCED-1B24A3BC5F88}
	EndGlobalSection
EndGlobal
